
Microsoft Visual Studio Solution File, Format Version 12.00
# Visual Studio Version 16
VisualStudioVersion = 16.0.29001.49
MinimumVisualStudioVersion = 10.0.40219.1
Project("{FAE04EC0-301F-11D3-BF4B-00C04F79EFBC}") = "MemoryGame1", "MemoryGame1.csproj", "{84728275-2E86-43B5-9B7A-2F5EE156F44B}"
EndProject
Global
	GlobalSection(SolutionConfigurationPlatforms) = preSolution
		Debug|Any CPU = Debug|Any CPU
		Release|Any CPU = Release|Any CPU
	EndGlobalSection
	GlobalSection(ProjectConfigurationPlatforms) = postSolution
		{84728275-2E86-43B5-9B7A-2F5EE156F44B}.Debug|Any CPU.ActiveCfg = Debug|Any CPU
		{84728275-2E86-43B5-9B7A-2F5EE156F44B}.Debug|Any CPU.Build.0 = Debug|Any CPU
		{84728275-2E86-43B5-9B7A-2F5EE156F44B}.Release|Any CPU.ActiveCfg = Release|Any CPU
		{84728275-2E86-43B5-9B7A-2F5EE156F44B}.Release|Any CPU.Build.0 = Release|Any CPU
	EndGlobalSection
	GlobalSection(SolutionProperties) = preSolution
		HideSolutionNode = FALSE
	EndGlobalSection
	GlobalSection(ExtensibilityGlobals) = postSolution
		SolutionGuid = {D5CA2F00-54CB-436C-9EB8-9EB0FAA4A8D2}
	EndGlobalSection
EndGlobal
